
Microsoft Visual Studio Solution File, Format Version 12.00
# Visual Studio Version 16
VisualStudioVersion = 16.0.29911.84
MinimumVisualStudioVersion = 10.0.40219.1
Project("{FAE04EC0-301F-11D3-BF4B-00C04F79EFBC}") = "Calculadora", "Calculadora\Calculadora.csproj", "{18D95185-FABE-4A14-8AF5-5D3A4C40B0B8}"
EndProject
Global
	GlobalSection(SolutionConfigurationPlatforms) = preSolution
		Debug|Any CPU = Debug|Any CPU
		Release|Any CPU = Release|Any CPU
	EndGlobalSection
	GlobalSection(ProjectConfigurationPlatforms) = postSolution
		{18D95185-FABE-4A14-8AF5-5D3A4C40B0B8}.Debug|Any CPU.ActiveCfg = Debug|Any CPU
		{18D95185-FABE-4A14-8AF5-5D3A4C40B0B8}.Debug|Any CPU.Build.0 = Debug|Any CPU
		{18D95185-FABE-4A14-8AF5-5D3A4C40B0B8}.Release|Any CPU.ActiveCfg = Release|Any CPU
		{18D95185-FABE-4A14-8AF5-5D3A4C40B0B8}.Release|Any CPU.Build.0 = Release|Any CPU
	EndGlobalSection
	GlobalSection(SolutionProperties) = preSolution
		HideSolutionNode = FALSE
	EndGlobalSection
	GlobalSection(ExtensibilityGlobals) = postSolution
		SolutionGuid = {82A3B2FB-4079-4EB3-A349-70E715B42247}
	EndGlobalSection
EndGlobal
